
Microsoft Visual Studio Solution File, Format Version 12.00
# Visual Studio Version 16
VisualStudioVersion = 16.0.30204.135
MinimumVisualStudioVersion = 10.0.40219.1
Project("{FAE04EC0-301F-11D3-BF4B-00C04F79EFBC}") = "BulkyBook", "BulkyBook\BulkyBook.csproj", "{E12AD911-A860-4C2B-AE8D-0BF6818E12E1}"
EndProject
Global
	GlobalSection(SolutionConfigurationPlatforms) = preSolution
		Debug|Any CPU = Debug|Any CPU
		Release|Any CPU = Release|Any CPU
	EndGlobalSection
	GlobalSection(ProjectConfigurationPlatforms) = postSolution
		{E12AD911-A860-4C2B-AE8D-0BF6818E12E1}.Debug|Any CPU.ActiveCfg = Debug|Any CPU
		{E12AD911-A860-4C2B-AE8D-0BF6818E12E1}.Debug|Any CPU.Build.0 = Debug|Any CPU
		{E12AD911-A860-4C2B-AE8D-0BF6818E12E1}.Release|Any CPU.ActiveCfg = Release|Any CPU
		{E12AD911-A860-4C2B-AE8D-0BF6818E12E1}.Release|Any CPU.Build.0 = Release|Any CPU
	EndGlobalSection
	GlobalSection(SolutionProperties) = preSolution
		HideSolutionNode = FALSE
	EndGlobalSection
	GlobalSection(ExtensibilityGlobals) = postSolution
		SolutionGuid = {E80FE2D7-68F3-4F19-960C-DC5215D22A35}
	EndGlobalSection
EndGlobal
