
Microsoft Visual Studio Solution File, Format Version 12.00
# Visual Studio Version 16
VisualStudioVersion = 16.0.30204.135
MinimumVisualStudioVersion = 10.0.40219.1
Project("{9A19103F-16F7-4668-BE54-9A1E7A4F7556}") = "BulkyBook", "BulkyBook\BulkyBook.csproj", "{E12AD911-A860-4C2B-AE8D-0BF6818E12E1}"
EndProject
Project("{9A19103F-16F7-4668-BE54-9A1E7A4F7556}") = "BulkyBook.DataAccess", "BulkyBook.DataAccess\BulkyBook.DataAccess.csproj", "{7B0F749F-27F3-44F9-B546-DAB03D8F2C65}"
EndProject
Project("{9A19103F-16F7-4668-BE54-9A1E7A4F7556}") = "BulkyBook.Utility", "BulkyBook.Utility\BulkyBook.Utility.csproj", "{2A1F6968-2AB1-4A45-BD9D-6B6183A2DFD2}"
EndProject
Project("{FAE04EC0-301F-11D3-BF4B-00C04F79EFBC}") = "BulkyBook.Models", "BulkyBook.Models\BulkyBook.Models.csproj", "{61FD9604-9756-4D98-8A78-1AAEC877D642}"
EndProject
Global
	GlobalSection(SolutionConfigurationPlatforms) = preSolution
		Debug|Any CPU = Debug|Any CPU
		Release|Any CPU = Release|Any CPU
	EndGlobalSection
	GlobalSection(ProjectConfigurationPlatforms) = postSolution
		{E12AD911-A860-4C2B-AE8D-0BF6818E12E1}.Debug|Any CPU.ActiveCfg = Debug|Any CPU
		{E12AD911-A860-4C2B-AE8D-0BF6818E12E1}.Debug|Any CPU.Build.0 = Debug|Any CPU
		{E12AD911-A860-4C2B-AE8D-0BF6818E12E1}.Release|Any CPU.ActiveCfg = Release|Any CPU
		{E12AD911-A860-4C2B-AE8D-0BF6818E12E1}.Release|Any CPU.Build.0 = Release|Any CPU
		{7B0F749F-27F3-44F9-B546-DAB03D8F2C65}.Debug|Any CPU.ActiveCfg = Debug|Any CPU
		{7B0F749F-27F3-44F9-B546-DAB03D8F2C65}.Debug|Any CPU.Build.0 = Debug|Any CPU
		{7B0F749F-27F3-44F9-B546-DAB03D8F2C65}.Release|Any CPU.ActiveCfg = Release|Any CPU
		{7B0F749F-27F3-44F9-B546-DAB03D8F2C65}.Release|Any CPU.Build.0 = Release|Any CPU
		{2A1F6968-2AB1-4A45-BD9D-6B6183A2DFD2}.Debug|Any CPU.ActiveCfg = Debug|Any CPU
		{2A1F6968-2AB1-4A45-BD9D-6B6183A2DFD2}.Debug|Any CPU.Build.0 = Debug|Any CPU
		{2A1F6968-2AB1-4A45-BD9D-6B6183A2DFD2}.Release|Any CPU.ActiveCfg = Release|Any CPU
		{2A1F6968-2AB1-4A45-BD9D-6B6183A2DFD2}.Release|Any CPU.Build.0 = Release|Any CPU
		{61FD9604-9756-4D98-8A78-1AAEC877D642}.Debug|Any CPU.ActiveCfg = Debug|Any CPU
		{61FD9604-9756-4D98-8A78-1AAEC877D642}.Debug|Any CPU.Build.0 = Debug|Any CPU
		{61FD9604-9756-4D98-8A78-1AAEC877D642}.Release|Any CPU.ActiveCfg = Release|Any CPU
		{61FD9604-9756-4D98-8A78-1AAEC877D642}.Release|Any CPU.Build.0 = Release|Any CPU
	EndGlobalSection
	GlobalSection(SolutionProperties) = preSolution
		HideSolutionNode = FALSE
	EndGlobalSection
	GlobalSection(ExtensibilityGlobals) = postSolution
		SolutionGuid = {E80FE2D7-68F3-4F19-960C-DC5215D22A35}
	EndGlobalSection
EndGlobal
